// !$*UTF8*$!
{
	archiveVersion = 1;
	classes = {
	};
	objectVersion = 50;
	objects = {

/* Begin PBXBuildFile section */
		DE2572F3233ACDF200B19BE0 /* ShiftOptions.swift in Sources */ = {isa = PBXBuildFile; fileRef = DE2572EF233ACDF200B19BE0 /* ShiftOptions.swift */; };
		DE2572F4233ACDF200B19BE0 /* TransitionAnimator.swift in Sources */ = {isa = PBXBuildFile; fileRef = DE2572F0233ACDF200B19BE0 /* TransitionAnimator.swift */; };
		DE2572F5233ACDF200B19BE0 /* CALayer+Extensions.swift in Sources */ = {isa = PBXBuildFile; fileRef = DE2572F1233ACDF200B19BE0 /* CALayer+Extensions.swift */; };
		DE2572F6233ACDF200B19BE0 /* AnimationKeyPath.swift in Sources */ = {isa = PBXBuildFile; fileRef = DE2572F2233ACDF200B19BE0 /* AnimationKeyPath.swift */; };
		DE2572F8233ACE0B00B19BE0 /* TransitionView.swift in Sources */ = {isa = PBXBuildFile; fileRef = DE2572F7233ACE0B00B19BE0 /* TransitionView.swift */; };
		DE2572FA233ACE3400B19BE0 /* TransitionViewState.swift in Sources */ = {isa = PBXBuildFile; fileRef = DE2572F9233ACE3400B19BE0 /* TransitionViewState.swift */; };
		DE2572FC233ACEB300B19BE0 /* ViewLocation.swift in Sources */ = {isa = PBXBuildFile; fileRef = DE2572FB233ACEB300B19BE0 /* ViewLocation.swift */; };
		DE2572FF233AD2DD00B19BE0 /* CGPoint+Extensions.swift in Sources */ = {isa = PBXBuildFile; fileRef = DE2572FE233AD2DD00B19BE0 /* CGPoint+Extensions.swift */; };
		DE257301233AD30200B19BE0 /* CATransform3D+Extensions.swift in Sources */ = {isa = PBXBuildFile; fileRef = DE257300233AD30200B19BE0 /* CATransform3D+Extensions.swift */; };
		DE257329233AD4D200B19BE0 /* ModalTransitionModalTransitioningDelegate.swift in Sources */ = {isa = PBXBuildFile; fileRef = DE257328233AD4D200B19BE0 /* ModalTransitionModalTransitioningDelegate.swift */; };
		DE25732B233AD57900B19BE0 /* ModalTransitionPresentationController.swift in Sources */ = {isa = PBXBuildFile; fileRef = DE25732A233AD57900B19BE0 /* ModalTransitionPresentationController.swift */; };
		DE25732D233AD5DF00B19BE0 /* ModalTransitionPresenting.swift in Sources */ = {isa = PBXBuildFile; fileRef = DE25732C233AD5DF00B19BE0 /* ModalTransitionPresenting.swift */; };
		DE25732F233AD66300B19BE0 /* ModalTransitionDismissing.swift in Sources */ = {isa = PBXBuildFile; fileRef = DE25732E233AD66300B19BE0 /* ModalTransitionDismissing.swift */; };
		DE257331233AD72800B19BE0 /* UIViewController+Extensions.swift in Sources */ = {isa = PBXBuildFile; fileRef = DE257330233AD72800B19BE0 /* UIViewController+Extensions.swift */; };
		DE257335233ADA1B00B19BE0 /* UIView+Extensions.swift in Sources */ = {isa = PBXBuildFile; fileRef = DE257334233ADA1B00B19BE0 /* UIView+Extensions.swift */; };
		DE6236BC23441AEA00F3B010 /* ContentSizing.swift in Sources */ = {isa = PBXBuildFile; fileRef = DE6236BB23441AEA00F3B010 /* ContentSizing.swift */; };
		DE6236BE2346D59C00F3B010 /* Animation.swift in Sources */ = {isa = PBXBuildFile; fileRef = DE6236BD2346D59C00F3B010 /* Animation.swift */; };
		DEAEC80B23398134003F5977 /* Transition.framework in Frameworks */ = {isa = PBXBuildFile; fileRef = DEAEC80123398134003F5977 /* Transition.framework */; };
		DEAEC81023398134003F5977 /* TransitionTests.swift in Sources */ = {isa = PBXBuildFile; fileRef = DEAEC80F23398134003F5977 /* TransitionTests.swift */; };
		DEAEC81223398134003F5977 /* Transition.h in Headers */ = {isa = PBXBuildFile; fileRef = DEAEC80423398134003F5977 /* Transition.h */; settings = {ATTRIBUTES = (Public, ); }; };
		DEED002A233EBFA2006511F2 /* CGFloat+Extensions.swift in Sources */ = {isa = PBXBuildFile; fileRef = DEED0029233EBFA2006511F2 /* CGFloat+Extensions.swift */; };
		DEED002E233EC498006511F2 /* CAMediaTimingFunction+Extensions.swift in Sources */ = {isa = PBXBuildFile; fileRef = DEED002D233EC498006511F2 /* CAMediaTimingFunction+Extensions.swift */; };
/* End PBXBuildFile section */

/* Begin PBXContainerItemProxy section */
		DEAEC80C23398134003F5977 /* PBXContainerItemProxy */ = {
			isa = PBXContainerItemProxy;
			containerPortal = DEAEC7F823398133003F5977 /* Project object */;
			proxyType = 1;
			remoteGlobalIDString = DEAEC80023398134003F5977;
			remoteInfo = Transition;
		};
/* End PBXContainerItemProxy section */

/* Begin PBXFileReference section */
		DE2572EF233ACDF200B19BE0 /* ShiftOptions.swift */ = {isa = PBXFileReference; fileEncoding = 4; lastKnownFileType = sourcecode.swift; path = ShiftOptions.swift; sourceTree = "<group>"; };
		DE2572F0233ACDF200B19BE0 /* TransitionAnimator.swift */ = {isa = PBXFileReference; fileEncoding = 4; lastKnownFileType = sourcecode.swift; path = TransitionAnimator.swift; sourceTree = "<group>"; };
		DE2572F1233ACDF200B19BE0 /* CALayer+Extensions.swift */ = {isa = PBXFileReference; fileEncoding = 4; lastKnownFileType = sourcecode.swift; path = "CALayer+Extensions.swift"; sourceTree = "<group>"; };
		DE2572F2233ACDF200B19BE0 /* AnimationKeyPath.swift */ = {isa = PBXFileReference; fileEncoding = 4; lastKnownFileType = sourcecode.swift; path = AnimationKeyPath.swift; sourceTree = "<group>"; };
		DE2572F7233ACE0B00B19BE0 /* TransitionView.swift */ = {isa = PBXFileReference; lastKnownFileType = sourcecode.swift; path = TransitionView.swift; sourceTree = "<group>"; };
		DE2572F9233ACE3400B19BE0 /* TransitionViewState.swift */ = {isa = PBXFileReference; lastKnownFileType = sourcecode.swift; path = TransitionViewState.swift; sourceTree = "<group>"; };
		DE2572FB233ACEB300B19BE0 /* ViewLocation.swift */ = {isa = PBXFileReference; lastKnownFileType = sourcecode.swift; path = ViewLocation.swift; sourceTree = "<group>"; };
		DE2572FE233AD2DD00B19BE0 /* CGPoint+Extensions.swift */ = {isa = PBXFileReference; lastKnownFileType = sourcecode.swift; path = "CGPoint+Extensions.swift"; sourceTree = "<group>"; };
		DE257300233AD30200B19BE0 /* CATransform3D+Extensions.swift */ = {isa = PBXFileReference; lastKnownFileType = sourcecode.swift; path = "CATransform3D+Extensions.swift"; sourceTree = "<group>"; };
		DE257328233AD4D200B19BE0 /* ModalTransitionModalTransitioningDelegate.swift */ = {isa = PBXFileReference; lastKnownFileType = sourcecode.swift; path = ModalTransitionModalTransitioningDelegate.swift; sourceTree = "<group>"; };
		DE25732A233AD57900B19BE0 /* ModalTransitionPresentationController.swift */ = {isa = PBXFileReference; lastKnownFileType = sourcecode.swift; path = ModalTransitionPresentationController.swift; sourceTree = "<group>"; };
		DE25732C233AD5DF00B19BE0 /* ModalTransitionPresenting.swift */ = {isa = PBXFileReference; lastKnownFileType = sourcecode.swift; path = ModalTransitionPresenting.swift; sourceTree = "<group>"; };
		DE25732E233AD66300B19BE0 /* ModalTransitionDismissing.swift */ = {isa = PBXFileReference; lastKnownFileType = sourcecode.swift; path = ModalTransitionDismissing.swift; sourceTree = "<group>"; };
		DE257330233AD72800B19BE0 /* UIViewController+Extensions.swift */ = {isa = PBXFileReference; lastKnownFileType = sourcecode.swift; path = "UIViewController+Extensions.swift"; sourceTree = "<group>"; };
		DE257334233ADA1B00B19BE0 /* UIView+Extensions.swift */ = {isa = PBXFileReference; lastKnownFileType = sourcecode.swift; path = "UIView+Extensions.swift"; sourceTree = "<group>"; };
		DE6236BB23441AEA00F3B010 /* ContentSizing.swift */ = {isa = PBXFileReference; lastKnownFileType = sourcecode.swift; path = ContentSizing.swift; sourceTree = "<group>"; };
		DE6236BD2346D59C00F3B010 /* Animation.swift */ = {isa = PBXFileReference; lastKnownFileType = sourcecode.swift; path = Animation.swift; sourceTree = "<group>"; };
		DEAEC80123398134003F5977 /* Transition.framework */ = {isa = PBXFileReference; explicitFileType = wrapper.framework; includeInIndex = 0; path = Transition.framework; sourceTree = BUILT_PRODUCTS_DIR; };
		DEAEC80423398134003F5977 /* Transition.h */ = {isa = PBXFileReference; lastKnownFileType = sourcecode.c.h; path = Transition.h; sourceTree = "<group>"; };
		DEAEC80523398134003F5977 /* Info.plist */ = {isa = PBXFileReference; lastKnownFileType = text.plist.xml; path = Info.plist; sourceTree = "<group>"; };
		DEAEC80A23398134003F5977 /* TransitionTests.xctest */ = {isa = PBXFileReference; explicitFileType = wrapper.cfbundle; includeInIndex = 0; path = TransitionTests.xctest; sourceTree = BUILT_PRODUCTS_DIR; };
		DEAEC80F23398134003F5977 /* TransitionTests.swift */ = {isa = PBXFileReference; lastKnownFileType = sourcecode.swift; path = TransitionTests.swift; sourceTree = "<group>"; };
		DEAEC81123398134003F5977 /* Info.plist */ = {isa = PBXFileReference; lastKnownFileType = text.plist.xml; path = Info.plist; sourceTree = "<group>"; };
		DEED0029233EBFA2006511F2 /* CGFloat+Extensions.swift */ = {isa = PBXFileReference; lastKnownFileType = sourcecode.swift; path = "CGFloat+Extensions.swift"; sourceTree = "<group>"; };
		DEED002D233EC498006511F2 /* CAMediaTimingFunction+Extensions.swift */ = {isa = PBXFileReference; lastKnownFileType = sourcecode.swift; path = "CAMediaTimingFunction+Extensions.swift"; sourceTree = "<group>"; };
/* End PBXFileReference section */

/* Begin PBXFrameworksBuildPhase section */
		DEAEC7FE23398134003F5977 /* Frameworks */ = {
			isa = PBXFrameworksBuildPhase;
			buildActionMask = 2147483647;
			files = (
			);
			runOnlyForDeploymentPostprocessing = 0;
		};
		DEAEC80723398134003F5977 /* Frameworks */ = {
			isa = PBXFrameworksBuildPhase;
			buildActionMask = 2147483647;
			files = (
				DEAEC80B23398134003F5977 /* Transition.framework in Frameworks */,
			);
			runOnlyForDeploymentPostprocessing = 0;
		};
/* End PBXFrameworksBuildPhase section */

/* Begin PBXGroup section */
		DE2572FD233ACEDA00B19BE0 /* Extensions */ = {
			isa = PBXGroup;
			children = (
				DE2572F1233ACDF200B19BE0 /* CALayer+Extensions.swift */,
				DEED002D233EC498006511F2 /* CAMediaTimingFunction+Extensions.swift */,
				DE257300233AD30200B19BE0 /* CATransform3D+Extensions.swift */,
				DEED0029233EBFA2006511F2 /* CGFloat+Extensions.swift */,
				DE2572FE233AD2DD00B19BE0 /* CGPoint+Extensions.swift */,
				DE257334233ADA1B00B19BE0 /* UIView+Extensions.swift */,
				DE257330233AD72800B19BE0 /* UIViewController+Extensions.swift */,
			);
			path = Extensions;
			sourceTree = "<group>";
		};
		DE257327233AD4BC00B19BE0 /* Transitions */ = {
			isa = PBXGroup;
			children = (
				DE257328233AD4D200B19BE0 /* ModalTransitionModalTransitioningDelegate.swift */,
				DE25732A233AD57900B19BE0 /* ModalTransitionPresentationController.swift */,
				DE25732C233AD5DF00B19BE0 /* ModalTransitionPresenting.swift */,
				DE25732E233AD66300B19BE0 /* ModalTransitionDismissing.swift */,
			);
			path = Transitions;
			sourceTree = "<group>";
		};
		DEAEC7F723398133003F5977 = {
			isa = PBXGroup;
			children = (
				DEAEC80323398134003F5977 /* Transition */,
				DEAEC80E23398134003F5977 /* TransitionTests */,
				DEAEC80223398134003F5977 /* Products */,
			);
			sourceTree = "<group>";
		};
		DEAEC80223398134003F5977 /* Products */ = {
			isa = PBXGroup;
			children = (
				DEAEC80123398134003F5977 /* Transition.framework */,
				DEAEC80A23398134003F5977 /* TransitionTests.xctest */,
			);
			name = Products;
			sourceTree = "<group>";
		};
		DEAEC80323398134003F5977 /* Transition */ = {
			isa = PBXGroup;
			children = (
				DE2572FD233ACEDA00B19BE0 /* Extensions */,
				DE257327233AD4BC00B19BE0 /* Transitions */,
				DE2572F2233ACDF200B19BE0 /* AnimationKeyPath.swift */,
				DE6236BD2346D59C00F3B010 /* Animation.swift */,
				DE2572F0233ACDF200B19BE0 /* TransitionAnimator.swift */,
				DE2572EF233ACDF200B19BE0 /* ShiftOptions.swift */,
				DE2572F7233ACE0B00B19BE0 /* TransitionView.swift */,
				DE2572F9233ACE3400B19BE0 /* TransitionViewState.swift */,
				DE2572FB233ACEB300B19BE0 /* ViewLocation.swift */,
				DEAEC80423398134003F5977 /* Transition.h */,
				DEAEC80523398134003F5977 /* Info.plist */,
				DE6236BB23441AEA00F3B010 /* ContentSizing.swift */,
			);
			path = Transition;
			sourceTree = "<group>";
		};
		DEAEC80E23398134003F5977 /* TransitionTests */ = {
			isa = PBXGroup;
			children = (
				DEAEC80F23398134003F5977 /* TransitionTests.swift */,
				DEAEC81123398134003F5977 /* Info.plist */,
			);
			path = TransitionTests;
			sourceTree = "<group>";
		};
/* End PBXGroup section */

/* Begin PBXHeadersBuildPhase section */
		DEAEC7FC23398134003F5977 /* Headers */ = {
			isa = PBXHeadersBuildPhase;
			buildActionMask = 2147483647;
			files = (
				DEAEC81223398134003F5977 /* Transition.h in Headers */,
			);
			runOnlyForDeploymentPostprocessing = 0;
		};
/* End PBXHeadersBuildPhase section */

/* Begin PBXNativeTarget section */
		DEAEC80023398134003F5977 /* Transition */ = {
			isa = PBXNativeTarget;
			buildConfigurationList = DEAEC81523398134003F5977 /* Build configuration list for PBXNativeTarget "Transition" */;
			buildPhases = (
				DEAEC7FC23398134003F5977 /* Headers */,
				DEAEC7FD23398134003F5977 /* Sources */,
				DEAEC7FE23398134003F5977 /* Frameworks */,
				DEAEC7FF23398134003F5977 /* Resources */,
			);
			buildRules = (
			);
			dependencies = (
			);
			name = Transition;
			productName = Transition;
			productReference = DEAEC80123398134003F5977 /* Transition.framework */;
			productType = "com.apple.product-type.framework";
		};
		DEAEC80923398134003F5977 /* TransitionTests */ = {
			isa = PBXNativeTarget;
			buildConfigurationList = DEAEC81823398134003F5977 /* Build configuration list for PBXNativeTarget "TransitionTests" */;
			buildPhases = (
				DEAEC80623398134003F5977 /* Sources */,
				DEAEC80723398134003F5977 /* Frameworks */,
				DEAEC80823398134003F5977 /* Resources */,
			);
			buildRules = (
			);
			dependencies = (
				DEAEC80D23398134003F5977 /* PBXTargetDependency */,
			);
			name = TransitionTests;
			productName = TransitionTests;
			productReference = DEAEC80A23398134003F5977 /* TransitionTests.xctest */;
			productType = "com.apple.product-type.bundle.unit-test";
		};
/* End PBXNativeTarget section */

/* Begin PBXProject section */
		DEAEC7F823398133003F5977 /* Project object */ = {
			isa = PBXProject;
			attributes = {
				LastSwiftUpdateCheck = 1030;
				LastUpgradeCheck = 1030;
				ORGANIZATIONNAME = "Wes Wickwire";
				TargetAttributes = {
					DEAEC80023398134003F5977 = {
						CreatedOnToolsVersion = 10.3;
						LastSwiftMigration = 1100;
					};
					DEAEC80923398134003F5977 = {
						CreatedOnToolsVersion = 10.3;
					};
				};
			};
			buildConfigurationList = DEAEC7FB23398133003F5977 /* Build configuration list for PBXProject "Transition" */;
			compatibilityVersion = "Xcode 9.3";
			developmentRegion = en;
			hasScannedForEncodings = 0;
			knownRegions = (
				en,
			);
			mainGroup = DEAEC7F723398133003F5977;
			productRefGroup = DEAEC80223398134003F5977 /* Products */;
			projectDirPath = "";
			projectRoot = "";
			targets = (
				DEAEC80023398134003F5977 /* Transition */,
				DEAEC80923398134003F5977 /* TransitionTests */,
			);
		};
/* End PBXProject section */

/* Begin PBXResourcesBuildPhase section */
		DEAEC7FF23398134003F5977 /* Resources */ = {
			isa = PBXResourcesBuildPhase;
			buildActionMask = 2147483647;
			files = (
			);
			runOnlyForDeploymentPostprocessing = 0;
		};
		DEAEC80823398134003F5977 /* Resources */ = {
			isa = PBXResourcesBuildPhase;
			buildActionMask = 2147483647;
			files = (
			);
			runOnlyForDeploymentPostprocessing = 0;
		};
/* End PBXResourcesBuildPhase section */

/* Begin PBXSourcesBuildPhase section */
		DEAEC7FD23398134003F5977 /* Sources */ = {
			isa = PBXSourcesBuildPhase;
			buildActionMask = 2147483647;
			files = (
				DE25732F233AD66300B19BE0 /* ModalTransitionDismissing.swift in Sources */,
				DE2572F5233ACDF200B19BE0 /* CALayer+Extensions.swift in Sources */,
				DE6236BC23441AEA00F3B010 /* ContentSizing.swift in Sources */,
				DE25732D233AD5DF00B19BE0 /* ModalTransitionPresenting.swift in Sources */,
				DE2572FA233ACE3400B19BE0 /* TransitionViewState.swift in Sources */,
				DE25732B233AD57900B19BE0 /* ModalTransitionPresentationController.swift in Sources */,
				DE2572FF233AD2DD00B19BE0 /* CGPoint+Extensions.swift in Sources */,
				DE2572F4233ACDF200B19BE0 /* TransitionAnimator.swift in Sources */,
				DE2572FC233ACEB300B19BE0 /* ViewLocation.swift in Sources */,
				DE2572F3233ACDF200B19BE0 /* ShiftOptions.swift in Sources */,
				DE257301233AD30200B19BE0 /* CATransform3D+Extensions.swift in Sources */,
				DE257331233AD72800B19BE0 /* UIViewController+Extensions.swift in Sources */,
				DE2572F8233ACE0B00B19BE0 /* TransitionView.swift in Sources */,
				DEED002E233EC498006511F2 /* CAMediaTimingFunction+Extensions.swift in Sources */,
				DE6236BE2346D59C00F3B010 /* Animation.swift in Sources */,
				DE257335233ADA1B00B19BE0 /* UIView+Extensions.swift in Sources */,
				DE257329233AD4D200B19BE0 /* ModalTransitionModalTransitioningDelegate.swift in Sources */,
				DEED002A233EBFA2006511F2 /* CGFloat+Extensions.swift in Sources */,
				DE2572F6233ACDF200B19BE0 /* AnimationKeyPath.swift in Sources */,
			);
			runOnlyForDeploymentPostprocessing = 0;
		};
		DEAEC80623398134003F5977 /* Sources */ = {
			isa = PBXSourcesBuildPhase;
			buildActionMask = 2147483647;
			files = (
				DEAEC81023398134003F5977 /* TransitionTests.swift in Sources */,
			);
			runOnlyForDeploymentPostprocessing = 0;
		};
/* End PBXSourcesBuildPhase section */

/* Begin PBXTargetDependency section */
		DEAEC80D23398134003F5977 /* PBXTargetDependency */ = {
			isa = PBXTargetDependency;
			target = DEAEC80023398134003F5977 /* Transition */;
			targetProxy = DEAEC80C23398134003F5977 /* PBXContainerItemProxy */;
		};
/* End PBXTargetDependency section */

/* Begin XCBuildConfiguration section */
		DEAEC81323398134003F5977 /* Debug */ = {
			isa = XCBuildConfiguration;
			buildSettings = {
				ALWAYS_SEARCH_USER_PATHS = NO;
				CLANG_ANALYZER_NONNULL = YES;
				CLANG_ANALYZER_NUMBER_OBJECT_CONVERSION = YES_AGGRESSIVE;
				CLANG_CXX_LANGUAGE_STANDARD = "gnu++14";
				CLANG_CXX_LIBRARY = "libc++";
				CLANG_ENABLE_MODULES = YES;
				CLANG_ENABLE_OBJC_ARC = YES;
				CLANG_ENABLE_OBJC_WEAK = YES;
				CLANG_WARN_BLOCK_CAPTURE_AUTORELEASING = YES;
				CLANG_WARN_BOOL_CONVERSION = YES;
				CLANG_WARN_COMMA = YES;
				CLANG_WARN_CONSTANT_CONVERSION = YES;
				CLANG_WARN_DEPRECATED_OBJC_IMPLEMENTATIONS = YES;
				CLANG_WARN_DIRECT_OBJC_ISA_USAGE = YES_ERROR;
				CLANG_WARN_DOCUMENTATION_COMMENTS = YES;
				CLANG_WARN_EMPTY_BODY = YES;
				CLANG_WARN_ENUM_CONVERSION = YES;
				CLANG_WARN_INFINITE_RECURSION = YES;
				CLANG_WARN_INT_CONVERSION = YES;
				CLANG_WARN_NON_LITERAL_NULL_CONVERSION = YES;
				CLANG_WARN_OBJC_IMPLICIT_RETAIN_SELF = YES;
				CLANG_WARN_OBJC_LITERAL_CONVERSION = YES;
				CLANG_WARN_OBJC_ROOT_CLASS = YES_ERROR;
				CLANG_WARN_RANGE_LOOP_ANALYSIS = YES;
				CLANG_WARN_STRICT_PROTOTYPES = YES;
				CLANG_WARN_SUSPICIOUS_MOVE = YES;
				CLANG_WARN_UNGUARDED_AVAILABILITY = YES_AGGRESSIVE;
				CLANG_WARN_UNREACHABLE_CODE = YES;
				CLANG_WARN__DUPLICATE_METHOD_MATCH = YES;
				CODE_SIGN_IDENTITY = "iPhone Developer";
				COPY_PHASE_STRIP = NO;
				CURRENT_PROJECT_VERSION = 1;
				DEBUG_INFORMATION_FORMAT = dwarf;
				ENABLE_STRICT_OBJC_MSGSEND = YES;
				ENABLE_TESTABILITY = YES;
				GCC_C_LANGUAGE_STANDARD = gnu11;
				GCC_DYNAMIC_NO_PIC = NO;
				GCC_NO_COMMON_BLOCKS = YES;
				GCC_OPTIMIZATION_LEVEL = 0;
				GCC_PREPROCESSOR_DEFINITIONS = (
					"DEBUG=1",
					"$(inherited)",
				);
				GCC_WARN_64_TO_32_BIT_CONVERSION = YES;
				GCC_WARN_ABOUT_RETURN_TYPE = YES_ERROR;
				GCC_WARN_UNDECLARED_SELECTOR = YES;
				GCC_WARN_UNINITIALIZED_AUTOS = YES_AGGRESSIVE;
				GCC_WARN_UNUSED_FUNCTION = YES;
				GCC_WARN_UNUSED_VARIABLE = YES;
				IPHONEOS_DEPLOYMENT_TARGET = 12.4;
				MTL_ENABLE_DEBUG_INFO = INCLUDE_SOURCE;
				MTL_FAST_MATH = YES;
				ONLY_ACTIVE_ARCH = YES;
				SDKROOT = iphoneos;
				SWIFT_ACTIVE_COMPILATION_CONDITIONS = DEBUG;
				SWIFT_OPTIMIZATION_LEVEL = "-Onone";
				VERSIONING_SYSTEM = "apple-generic";
				VERSION_INFO_PREFIX = "";
			};
			name = Debug;
		};
		DEAEC81423398134003F5977 /* Release */ = {
			isa = XCBuildConfiguration;
			buildSettings = {
				ALWAYS_SEARCH_USER_PATHS = NO;
				CLANG_ANALYZER_NONNULL = YES;
				CLANG_ANALYZER_NUMBER_OBJECT_CONVERSION = YES_AGGRESSIVE;
				CLANG_CXX_LANGUAGE_STANDARD = "gnu++14";
				CLANG_CXX_LIBRARY = "libc++";
				CLANG_ENABLE_MODULES = YES;
				CLANG_ENABLE_OBJC_ARC = YES;
				CLANG_ENABLE_OBJC_WEAK = YES;
				CLANG_WARN_BLOCK_CAPTURE_AUTORELEASING = YES;
				CLANG_WARN_BOOL_CONVERSION = YES;
				CLANG_WARN_COMMA = YES;
				CLANG_WARN_CONSTANT_CONVERSION = YES;
				CLANG_WARN_DEPRECATED_OBJC_IMPLEMENTATIONS = YES;
				CLANG_WARN_DIRECT_OBJC_ISA_USAGE = YES_ERROR;
				CLANG_WARN_DOCUMENTATION_COMMENTS = YES;
				CLANG_WARN_EMPTY_BODY = YES;
				CLANG_WARN_ENUM_CONVERSION = YES;
				CLANG_WARN_INFINITE_RECURSION = YES;
				CLANG_WARN_INT_CONVERSION = YES;
				CLANG_WARN_NON_LITERAL_NULL_CONVERSION = YES;
				CLANG_WARN_OBJC_IMPLICIT_RETAIN_SELF = YES;
				CLANG_WARN_OBJC_LITERAL_CONVERSION = YES;
				CLANG_WARN_OBJC_ROOT_CLASS = YES_ERROR;
				CLANG_WARN_RANGE_LOOP_ANALYSIS = YES;
				CLANG_WARN_STRICT_PROTOTYPES = YES;
				CLANG_WARN_SUSPICIOUS_MOVE = YES;
				CLANG_WARN_UNGUARDED_AVAILABILITY = YES_AGGRESSIVE;
				CLANG_WARN_UNREACHABLE_CODE = YES;
				CLANG_WARN__DUPLICATE_METHOD_MATCH = YES;
				CODE_SIGN_IDENTITY = "iPhone Developer";
				COPY_PHASE_STRIP = NO;
				CURRENT_PROJECT_VERSION = 1;
				DEBUG_INFORMATION_FORMAT = "dwarf-with-dsym";
				ENABLE_NS_ASSERTIONS = NO;
				ENABLE_STRICT_OBJC_MSGSEND = YES;
				GCC_C_LANGUAGE_STANDARD = gnu11;
				GCC_NO_COMMON_BLOCKS = YES;
				GCC_WARN_64_TO_32_BIT_CONVERSION = YES;
				GCC_WARN_ABOUT_RETURN_TYPE = YES_ERROR;
				GCC_WARN_UNDECLARED_SELECTOR = YES;
				GCC_WARN_UNINITIALIZED_AUTOS = YES_AGGRESSIVE;
				GCC_WARN_UNUSED_FUNCTION = YES;
				GCC_WARN_UNUSED_VARIABLE = YES;
				IPHONEOS_DEPLOYMENT_TARGET = 12.4;
				MTL_ENABLE_DEBUG_INFO = NO;
				MTL_FAST_MATH = YES;
				SDKROOT = iphoneos;
				SWIFT_COMPILATION_MODE = wholemodule;
				SWIFT_OPTIMIZATION_LEVEL = "-O";
				VALIDATE_PRODUCT = YES;
				VERSIONING_SYSTEM = "apple-generic";
				VERSION_INFO_PREFIX = "";
			};
			name = Release;
		};
		DEAEC81623398134003F5977 /* Debug */ = {
			isa = XCBuildConfiguration;
			buildSettings = {
				CLANG_ENABLE_MODULES = YES;
				CODE_SIGN_IDENTITY = "";
				CODE_SIGN_STYLE = Automatic;
				DEFINES_MODULE = YES;
				DEVELOPMENT_TEAM = HSE59E2Q5U;
				DYLIB_COMPATIBILITY_VERSION = 1;
				DYLIB_CURRENT_VERSION = 1;
				DYLIB_INSTALL_NAME_BASE = "@rpath";
				INFOPLIST_FILE = Transition/Info.plist;
				INSTALL_PATH = "$(LOCAL_LIBRARY_DIR)/Frameworks";
				IPHONEOS_DEPLOYMENT_TARGET = 11.0;
				LD_RUNPATH_SEARCH_PATHS = (
					"$(inherited)",
					"@executable_path/Frameworks",
					"@loader_path/Frameworks",
				);
				PRODUCT_BUNDLE_IDENTIFIER = com.wickwirew.Transition;
				PRODUCT_NAME = "$(TARGET_NAME:c99extidentifier)";
				SKIP_INSTALL = YES;
				SUPPORTS_MACCATALYST = NO;
				SWIFT_OPTIMIZATION_LEVEL = "-Onone";
				SWIFT_VERSION = 5.0;
				TARGETED_DEVICE_FAMILY = "1,2";
			};
			name = Debug;
		};
		DEAEC81723398134003F5977 /* Release */ = {
			isa = XCBuildConfiguration;
			buildSettings = {
				CLANG_ENABLE_MODULES = YES;
				CODE_SIGN_IDENTITY = "";
				CODE_SIGN_STYLE = Automatic;
				DEFINES_MODULE = YES;
				DEVELOPMENT_TEAM = HSE59E2Q5U;
				DYLIB_COMPATIBILITY_VERSION = 1;
				DYLIB_CURRENT_VERSION = 1;
				DYLIB_INSTALL_NAME_BASE = "@rpath";
				INFOPLIST_FILE = Transition/Info.plist;
				INSTALL_PATH = "$(LOCAL_LIBRARY_DIR)/Frameworks";
				IPHONEOS_DEPLOYMENT_TARGET = 11.0;
				LD_RUNPATH_SEARCH_PATHS = (
					"$(inherited)",
					"@executable_path/Frameworks",
					"@loader_path/Frameworks",
				);
				PRODUCT_BUNDLE_IDENTIFIER = com.wickwirew.Transition;
				PRODUCT_NAME = "$(TARGET_NAME:c99extidentifier)";
				SKIP_INSTALL = YES;
				SUPPORTS_MACCATALYST = NO;
				SWIFT_VERSION = 5.0;
				TARGETED_DEVICE_FAMILY = "1,2";
			};
			name = Release;
		};
		DEAEC81923398134003F5977 /* Debug */ = {
			isa = XCBuildConfiguration;
			buildSettings = {
				ALWAYS_EMBED_SWIFT_STANDARD_LIBRARIES = YES;
				CODE_SIGN_STYLE = Automatic;
				DEVELOPMENT_TEAM = HSE59E2Q5U;
				INFOPLIST_FILE = TransitionTests/Info.plist;
				LD_RUNPATH_SEARCH_PATHS = (
					"$(inherited)",
					"@executable_path/Frameworks",
					"@loader_path/Frameworks",
				);
				PRODUCT_BUNDLE_IDENTIFIER = com.wickwirew.TransitionTests;
				PRODUCT_NAME = "$(TARGET_NAME)";
				SWIFT_VERSION = 5.0;
				TARGETED_DEVICE_FAMILY = "1,2";
			};
			name = Debug;
		};
		DEAEC81A23398134003F5977 /* Release */ = {
			isa = XCBuildConfiguration;
			buildSettings = {
				ALWAYS_EMBED_SWIFT_STANDARD_LIBRARIES = YES;
				CODE_SIGN_STYLE = Automatic;
				DEVELOPMENT_TEAM = HSE59E2Q5U;
				INFOPLIST_FILE = TransitionTests/Info.plist;
				LD_RUNPATH_SEARCH_PATHS = (
					"$(inherited)",
					"@executable_path/Frameworks",
					"@loader_path/Frameworks",
				);
				PRODUCT_BUNDLE_IDENTIFIER = com.wickwirew.TransitionTests;
				PRODUCT_NAME = "$(TARGET_NAME)";
				SWIFT_VERSION = 5.0;
				TARGETED_DEVICE_FAMILY = "1,2";
			};
			name = Release;
		};
/* End XCBuildConfiguration section */

/* Begin XCConfigurationList section */
		DEAEC7FB23398133003F5977 /* Build configuration list for PBXProject "Transition" */ = {
			isa = XCConfigurationList;
			buildConfigurations = (
				DEAEC81323398134003F5977 /* Debug */,
				DEAEC81423398134003F5977 /* Release */,
			);
			defaultConfigurationIsVisible = 0;
			defaultConfigurationName = Release;
		};
		DEAEC81523398134003F5977 /* Build configuration list for PBXNativeTarget "Transition" */ = {
			isa = XCConfigurationList;
			buildConfigurations = (
				DEAEC81623398134003F5977 /* Debug */,
				DEAEC81723398134003F5977 /* Release */,
			);
			defaultConfigurationIsVisible = 0;
			defaultConfigurationName = Release;
		};
		DEAEC81823398134003F5977 /* Build configuration list for PBXNativeTarget "TransitionTests" */ = {
			isa = XCConfigurationList;
			buildConfigurations = (
				DEAEC81923398134003F5977 /* Debug */,
				DEAEC81A23398134003F5977 /* Release */,
			);
			defaultConfigurationIsVisible = 0;
			defaultConfigurationName = Release;
		};
/* End XCConfigurationList section */
	};
	rootObject = DEAEC7F823398133003F5977 /* Project object */;
}
