// !$*UTF8*$!
{
	archiveVersion = 1;
	classes = {
	};
	objectVersion = 50;
	objects = {

/* Begin PBXBuildFile section */
		DE25730F233AD34700B19BE0 /* AppDelegate.swift in Sources */ = {isa = PBXBuildFile; fileRef = DE25730E233AD34700B19BE0 /* AppDelegate.swift */; };
		DE257311233AD34700B19BE0 /* SceneDelegate.swift in Sources */ = {isa = PBXBuildFile; fileRef = DE257310233AD34700B19BE0 /* SceneDelegate.swift */; };
		DE257313233AD34700B19BE0 /* ArtistViewController.swift in Sources */ = {isa = PBXBuildFile; fileRef = DE257312233AD34700B19BE0 /* ArtistViewController.swift */; };
		DE257316233AD34700B19BE0 /* Main.storyboard in Resources */ = {isa = PBXBuildFile; fileRef = DE257314233AD34700B19BE0 /* Main.storyboard */; };
		DE257318233AD34900B19BE0 /* Assets.xcassets in Resources */ = {isa = PBXBuildFile; fileRef = DE257317233AD34900B19BE0 /* Assets.xcassets */; };
		DE25731B233AD34900B19BE0 /* LaunchScreen.storyboard in Resources */ = {isa = PBXBuildFile; fileRef = DE257319233AD34900B19BE0 /* LaunchScreen.storyboard */; };
		DE257333233AD90000B19BE0 /* SongPlayerViewController.swift in Sources */ = {isa = PBXBuildFile; fileRef = DE257332233AD90000B19BE0 /* SongPlayerViewController.swift */; };
		DE257337233AFDFF00B19BE0 /* SongCell.swift in Sources */ = {isa = PBXBuildFile; fileRef = DE257336233AFDFF00B19BE0 /* SongCell.swift */; };
		DE5591F7237A229600B7617D /* Shift.framework in Frameworks */ = {isa = PBXBuildFile; fileRef = DE5591F6237A229600B7617D /* Shift.framework */; };
		DE5591F8237A229600B7617D /* Shift.framework in Embed Frameworks */ = {isa = PBXBuildFile; fileRef = DE5591F6237A229600B7617D /* Shift.framework */; settings = {ATTRIBUTES = (CodeSignOnCopy, RemoveHeadersOnCopy, ); }; };
		DE839F3E235AB17B0080C4AA /* MoonViewController.swift in Sources */ = {isa = PBXBuildFile; fileRef = DE839F3D235AB17B0080C4AA /* MoonViewController.swift */; };
		DEA2C2FA24B7F96400E691E3 /* MovieViewController.swift in Sources */ = {isa = PBXBuildFile; fileRef = DEA2C2F924B7F96400E691E3 /* MovieViewController.swift */; };
		DEA2C2FC24B816C200E691E3 /* ActionsViewController.swift in Sources */ = {isa = PBXBuildFile; fileRef = DEA2C2FB24B816C200E691E3 /* ActionsViewController.swift */; };
		DEC7EA892351335D005BDE11 /* SpaceViewController.swift in Sources */ = {isa = PBXBuildFile; fileRef = DEC7EA882351335D005BDE11 /* SpaceViewController.swift */; };
		DEC7EA8B23513378005BDE11 /* EarthViewController.swift in Sources */ = {isa = PBXBuildFile; fileRef = DEC7EA8A23513378005BDE11 /* EarthViewController.swift */; };
		DEED0033233FE896006511F2 /* SelectionViewController.swift in Sources */ = {isa = PBXBuildFile; fileRef = DEED0032233FE896006511F2 /* SelectionViewController.swift */; };
/* End PBXBuildFile section */

/* Begin PBXCopyFilesBuildPhase section */
		DE5591F9237A229600B7617D /* Embed Frameworks */ = {
			isa = PBXCopyFilesBuildPhase;
			buildActionMask = 2147483647;
			dstPath = "";
			dstSubfolderSpec = 10;
			files = (
				DE5591F8237A229600B7617D /* Shift.framework in Embed Frameworks */,
			);
			name = "Embed Frameworks";
			runOnlyForDeploymentPostprocessing = 0;
		};
/* End PBXCopyFilesBuildPhase section */

/* Begin PBXFileReference section */
		DE25730B233AD34700B19BE0 /* Example.app */ = {isa = PBXFileReference; explicitFileType = wrapper.application; includeInIndex = 0; path = Example.app; sourceTree = BUILT_PRODUCTS_DIR; };
		DE25730E233AD34700B19BE0 /* AppDelegate.swift */ = {isa = PBXFileReference; lastKnownFileType = sourcecode.swift; path = AppDelegate.swift; sourceTree = "<group>"; };
		DE257310233AD34700B19BE0 /* SceneDelegate.swift */ = {isa = PBXFileReference; lastKnownFileType = sourcecode.swift; path = SceneDelegate.swift; sourceTree = "<group>"; };
		DE257312233AD34700B19BE0 /* ArtistViewController.swift */ = {isa = PBXFileReference; lastKnownFileType = sourcecode.swift; path = ArtistViewController.swift; sourceTree = "<group>"; };
		DE257315233AD34700B19BE0 /* Base */ = {isa = PBXFileReference; lastKnownFileType = file.storyboard; name = Base; path = Base.lproj/Main.storyboard; sourceTree = "<group>"; };
		DE257317233AD34900B19BE0 /* Assets.xcassets */ = {isa = PBXFileReference; lastKnownFileType = folder.assetcatalog; path = Assets.xcassets; sourceTree = "<group>"; };
		DE25731A233AD34900B19BE0 /* Base */ = {isa = PBXFileReference; lastKnownFileType = file.storyboard; name = Base; path = Base.lproj/LaunchScreen.storyboard; sourceTree = "<group>"; };
		DE25731C233AD34900B19BE0 /* Info.plist */ = {isa = PBXFileReference; lastKnownFileType = text.plist.xml; path = Info.plist; sourceTree = "<group>"; };
		DE257323233AD3B100B19BE0 /* Transition.framework */ = {isa = PBXFileReference; explicitFileType = wrapper.framework; path = Transition.framework; sourceTree = BUILT_PRODUCTS_DIR; };
		DE257332233AD90000B19BE0 /* SongPlayerViewController.swift */ = {isa = PBXFileReference; lastKnownFileType = sourcecode.swift; path = SongPlayerViewController.swift; sourceTree = "<group>"; };
		DE257336233AFDFF00B19BE0 /* SongCell.swift */ = {isa = PBXFileReference; lastKnownFileType = sourcecode.swift; path = SongCell.swift; sourceTree = "<group>"; };
		DE5591F6237A229600B7617D /* Shift.framework */ = {isa = PBXFileReference; explicitFileType = wrapper.framework; path = Shift.framework; sourceTree = BUILT_PRODUCTS_DIR; };
		DE839F3D235AB17B0080C4AA /* MoonViewController.swift */ = {isa = PBXFileReference; lastKnownFileType = sourcecode.swift; path = MoonViewController.swift; sourceTree = "<group>"; };
		DEA2C2F924B7F96400E691E3 /* MovieViewController.swift */ = {isa = PBXFileReference; lastKnownFileType = sourcecode.swift; path = MovieViewController.swift; sourceTree = "<group>"; };
		DEA2C2FB24B816C200E691E3 /* ActionsViewController.swift */ = {isa = PBXFileReference; lastKnownFileType = sourcecode.swift; path = ActionsViewController.swift; sourceTree = "<group>"; };
		DEC7EA882351335D005BDE11 /* SpaceViewController.swift */ = {isa = PBXFileReference; lastKnownFileType = sourcecode.swift; path = SpaceViewController.swift; sourceTree = "<group>"; };
		DEC7EA8A23513378005BDE11 /* EarthViewController.swift */ = {isa = PBXFileReference; lastKnownFileType = sourcecode.swift; path = EarthViewController.swift; sourceTree = "<group>"; };
		DEED0032233FE896006511F2 /* SelectionViewController.swift */ = {isa = PBXFileReference; lastKnownFileType = sourcecode.swift; path = SelectionViewController.swift; sourceTree = "<group>"; };
/* End PBXFileReference section */

/* Begin PBXFrameworksBuildPhase section */
		DE257308233AD34700B19BE0 /* Frameworks */ = {
			isa = PBXFrameworksBuildPhase;
			buildActionMask = 2147483647;
			files = (
				DE5591F7237A229600B7617D /* Shift.framework in Frameworks */,
			);
			runOnlyForDeploymentPostprocessing = 0;
		};
/* End PBXFrameworksBuildPhase section */

/* Begin PBXGroup section */
		DE257302233AD34700B19BE0 = {
			isa = PBXGroup;
			children = (
				DE25730D233AD34700B19BE0 /* Example */,
				DE25730C233AD34700B19BE0 /* Products */,
				DE257322233AD3B100B19BE0 /* Frameworks */,
			);
			sourceTree = "<group>";
		};
		DE25730C233AD34700B19BE0 /* Products */ = {
			isa = PBXGroup;
			children = (
				DE25730B233AD34700B19BE0 /* Example.app */,
			);
			name = Products;
			sourceTree = "<group>";
		};
		DE25730D233AD34700B19BE0 /* Example */ = {
			isa = PBXGroup;
			children = (
				DEA2C2F824B7F93B00E691E3 /* Movie */,
				DEC7EA8723513342005BDE11 /* Space */,
				DEED0031233FE876006511F2 /* Selection */,
				DEED002F233FE859006511F2 /* Music */,
				DE25730E233AD34700B19BE0 /* AppDelegate.swift */,
				DE257310233AD34700B19BE0 /* SceneDelegate.swift */,
				DE257314233AD34700B19BE0 /* Main.storyboard */,
				DE257317233AD34900B19BE0 /* Assets.xcassets */,
				DE257319233AD34900B19BE0 /* LaunchScreen.storyboard */,
				DE25731C233AD34900B19BE0 /* Info.plist */,
			);
			path = Example;
			sourceTree = "<group>";
		};
		DE257322233AD3B100B19BE0 /* Frameworks */ = {
			isa = PBXGroup;
			children = (
				DE5591F6237A229600B7617D /* Shift.framework */,
				DE257323233AD3B100B19BE0 /* Transition.framework */,
			);
			name = Frameworks;
			sourceTree = "<group>";
		};
		DEA2C2F824B7F93B00E691E3 /* Movie */ = {
			isa = PBXGroup;
			children = (
				DEA2C2F924B7F96400E691E3 /* MovieViewController.swift */,
				DEA2C2FB24B816C200E691E3 /* ActionsViewController.swift */,
			);
			path = Movie;
			sourceTree = "<group>";
		};
		DEC7EA8723513342005BDE11 /* Space */ = {
			isa = PBXGroup;
			children = (
				DEC7EA882351335D005BDE11 /* SpaceViewController.swift */,
				DEC7EA8A23513378005BDE11 /* EarthViewController.swift */,
				DE839F3D235AB17B0080C4AA /* MoonViewController.swift */,
			);
			path = Space;
			sourceTree = "<group>";
		};
		DEED002F233FE859006511F2 /* Music */ = {
			isa = PBXGroup;
			children = (
				DE257336233AFDFF00B19BE0 /* SongCell.swift */,
				DE257312233AD34700B19BE0 /* ArtistViewController.swift */,
				DE257332233AD90000B19BE0 /* SongPlayerViewController.swift */,
			);
			path = Music;
			sourceTree = "<group>";
		};
		DEED0031233FE876006511F2 /* Selection */ = {
			isa = PBXGroup;
			children = (
				DEED0032233FE896006511F2 /* SelectionViewController.swift */,
			);
			path = Selection;
			sourceTree = "<group>";
		};
/* End PBXGroup section */

/* Begin PBXNativeTarget section */
		DE25730A233AD34700B19BE0 /* Example */ = {
			isa = PBXNativeTarget;
			buildConfigurationList = DE25731F233AD34900B19BE0 /* Build configuration list for PBXNativeTarget "Example" */;
			buildPhases = (
				DE257307233AD34700B19BE0 /* Sources */,
				DE257308233AD34700B19BE0 /* Frameworks */,
				DE257309233AD34700B19BE0 /* Resources */,
				DE5591F9237A229600B7617D /* Embed Frameworks */,
			);
			buildRules = (
			);
			dependencies = (
			);
			name = Example;
			productName = Example;
			productReference = DE25730B233AD34700B19BE0 /* Example.app */;
			productType = "com.apple.product-type.application";
		};
/* End PBXNativeTarget section */

/* Begin PBXProject section */
		DE257303233AD34700B19BE0 /* Project object */ = {
			isa = PBXProject;
			attributes = {
				LastSwiftUpdateCheck = 1100;
				LastUpgradeCheck = 1100;
				ORGANIZATIONNAME = "Wes Wickwire";
				TargetAttributes = {
					DE25730A233AD34700B19BE0 = {
						CreatedOnToolsVersion = 11.0;
					};
				};
			};
			buildConfigurationList = DE257306233AD34700B19BE0 /* Build configuration list for PBXProject "Example" */;
			compatibilityVersion = "Xcode 9.3";
			developmentRegion = en;
			hasScannedForEncodings = 0;
			knownRegions = (
				en,
				Base,
			);
			mainGroup = DE257302233AD34700B19BE0;
			productRefGroup = DE25730C233AD34700B19BE0 /* Products */;
			projectDirPath = "";
			projectRoot = "";
			targets = (
				DE25730A233AD34700B19BE0 /* Example */,
			);
		};
/* End PBXProject section */

/* Begin PBXResourcesBuildPhase section */
		DE257309233AD34700B19BE0 /* Resources */ = {
			isa = PBXResourcesBuildPhase;
			buildActionMask = 2147483647;
			files = (
				DE25731B233AD34900B19BE0 /* LaunchScreen.storyboard in Resources */,
				DE257318233AD34900B19BE0 /* Assets.xcassets in Resources */,
				DE257316233AD34700B19BE0 /* Main.storyboard in Resources */,
			);
			runOnlyForDeploymentPostprocessing = 0;
		};
/* End PBXResourcesBuildPhase section */

/* Begin PBXSourcesBuildPhase section */
		DE257307233AD34700B19BE0 /* Sources */ = {
			isa = PBXSourcesBuildPhase;
			buildActionMask = 2147483647;
			files = (
				DEA2C2FC24B816C200E691E3 /* ActionsViewController.swift in Sources */,
				DEA2C2FA24B7F96400E691E3 /* MovieViewController.swift in Sources */,
				DE257313233AD34700B19BE0 /* ArtistViewController.swift in Sources */,
				DEC7EA8B23513378005BDE11 /* EarthViewController.swift in Sources */,
				DE257333233AD90000B19BE0 /* SongPlayerViewController.swift in Sources */,
				DE25730F233AD34700B19BE0 /* AppDelegate.swift in Sources */,
				DE839F3E235AB17B0080C4AA /* MoonViewController.swift in Sources */,
				DE257337233AFDFF00B19BE0 /* SongCell.swift in Sources */,
				DE257311233AD34700B19BE0 /* SceneDelegate.swift in Sources */,
				DEC7EA892351335D005BDE11 /* SpaceViewController.swift in Sources */,
				DEED0033233FE896006511F2 /* SelectionViewController.swift in Sources */,
			);
			runOnlyForDeploymentPostprocessing = 0;
		};
/* End PBXSourcesBuildPhase section */

/* Begin PBXVariantGroup section */
		DE257314233AD34700B19BE0 /* Main.storyboard */ = {
			isa = PBXVariantGroup;
			children = (
				DE257315233AD34700B19BE0 /* Base */,
			);
			name = Main.storyboard;
			sourceTree = "<group>";
		};
		DE257319233AD34900B19BE0 /* LaunchScreen.storyboard */ = {
			isa = PBXVariantGroup;
			children = (
				DE25731A233AD34900B19BE0 /* Base */,
			);
			name = LaunchScreen.storyboard;
			sourceTree = "<group>";
		};
/* End PBXVariantGroup section */

/* Begin XCBuildConfiguration section */
		DE25731D233AD34900B19BE0 /* Debug */ = {
			isa = XCBuildConfiguration;
			buildSettings = {
				ALWAYS_SEARCH_USER_PATHS = NO;
				CLANG_ANALYZER_NONNULL = YES;
				CLANG_ANALYZER_NUMBER_OBJECT_CONVERSION = YES_AGGRESSIVE;
				CLANG_CXX_LANGUAGE_STANDARD = "gnu++14";
				CLANG_CXX_LIBRARY = "libc++";
				CLANG_ENABLE_MODULES = YES;
				CLANG_ENABLE_OBJC_ARC = YES;
				CLANG_ENABLE_OBJC_WEAK = YES;
				CLANG_WARN_BLOCK_CAPTURE_AUTORELEASING = YES;
				CLANG_WARN_BOOL_CONVERSION = YES;
				CLANG_WARN_COMMA = YES;
				CLANG_WARN_CONSTANT_CONVERSION = YES;
				CLANG_WARN_DEPRECATED_OBJC_IMPLEMENTATIONS = YES;
				CLANG_WARN_DIRECT_OBJC_ISA_USAGE = YES_ERROR;
				CLANG_WARN_DOCUMENTATION_COMMENTS = YES;
				CLANG_WARN_EMPTY_BODY = YES;
				CLANG_WARN_ENUM_CONVERSION = YES;
				CLANG_WARN_INFINITE_RECURSION = YES;
				CLANG_WARN_INT_CONVERSION = YES;
				CLANG_WARN_NON_LITERAL_NULL_CONVERSION = YES;
				CLANG_WARN_OBJC_IMPLICIT_RETAIN_SELF = YES;
				CLANG_WARN_OBJC_LITERAL_CONVERSION = YES;
				CLANG_WARN_OBJC_ROOT_CLASS = YES_ERROR;
				CLANG_WARN_RANGE_LOOP_ANALYSIS = YES;
				CLANG_WARN_STRICT_PROTOTYPES = YES;
				CLANG_WARN_SUSPICIOUS_MOVE = YES;
				CLANG_WARN_UNGUARDED_AVAILABILITY = YES_AGGRESSIVE;
				CLANG_WARN_UNREACHABLE_CODE = YES;
				CLANG_WARN__DUPLICATE_METHOD_MATCH = YES;
				COPY_PHASE_STRIP = NO;
				DEBUG_INFORMATION_FORMAT = dwarf;
				ENABLE_STRICT_OBJC_MSGSEND = YES;
				ENABLE_TESTABILITY = YES;
				GCC_C_LANGUAGE_STANDARD = gnu11;
				GCC_DYNAMIC_NO_PIC = NO;
				GCC_NO_COMMON_BLOCKS = YES;
				GCC_OPTIMIZATION_LEVEL = 0;
				GCC_PREPROCESSOR_DEFINITIONS = (
					"DEBUG=1",
					"$(inherited)",
				);
				GCC_WARN_64_TO_32_BIT_CONVERSION = YES;
				GCC_WARN_ABOUT_RETURN_TYPE = YES_ERROR;
				GCC_WARN_UNDECLARED_SELECTOR = YES;
				GCC_WARN_UNINITIALIZED_AUTOS = YES_AGGRESSIVE;
				GCC_WARN_UNUSED_FUNCTION = YES;
				GCC_WARN_UNUSED_VARIABLE = YES;
				IPHONEOS_DEPLOYMENT_TARGET = 13.0;
				MTL_ENABLE_DEBUG_INFO = INCLUDE_SOURCE;
				MTL_FAST_MATH = YES;
				ONLY_ACTIVE_ARCH = YES;
				SDKROOT = iphoneos;
				SWIFT_ACTIVE_COMPILATION_CONDITIONS = DEBUG;
				SWIFT_OPTIMIZATION_LEVEL = "-Onone";
			};
			name = Debug;
		};
		DE25731E233AD34900B19BE0 /* Release */ = {
			isa = XCBuildConfiguration;
			buildSettings = {
				ALWAYS_SEARCH_USER_PATHS = NO;
				CLANG_ANALYZER_NONNULL = YES;
				CLANG_ANALYZER_NUMBER_OBJECT_CONVERSION = YES_AGGRESSIVE;
				CLANG_CXX_LANGUAGE_STANDARD = "gnu++14";
				CLANG_CXX_LIBRARY = "libc++";
				CLANG_ENABLE_MODULES = YES;
				CLANG_ENABLE_OBJC_ARC = YES;
				CLANG_ENABLE_OBJC_WEAK = YES;
				CLANG_WARN_BLOCK_CAPTURE_AUTORELEASING = YES;
				CLANG_WARN_BOOL_CONVERSION = YES;
				CLANG_WARN_COMMA = YES;
				CLANG_WARN_CONSTANT_CONVERSION = YES;
				CLANG_WARN_DEPRECATED_OBJC_IMPLEMENTATIONS = YES;
				CLANG_WARN_DIRECT_OBJC_ISA_USAGE = YES_ERROR;
				CLANG_WARN_DOCUMENTATION_COMMENTS = YES;
				CLANG_WARN_EMPTY_BODY = YES;
				CLANG_WARN_ENUM_CONVERSION = YES;
				CLANG_WARN_INFINITE_RECURSION = YES;
				CLANG_WARN_INT_CONVERSION = YES;
				CLANG_WARN_NON_LITERAL_NULL_CONVERSION = YES;
				CLANG_WARN_OBJC_IMPLICIT_RETAIN_SELF = YES;
				CLANG_WARN_OBJC_LITERAL_CONVERSION = YES;
				CLANG_WARN_OBJC_ROOT_CLASS = YES_ERROR;
				CLANG_WARN_RANGE_LOOP_ANALYSIS = YES;
				CLANG_WARN_STRICT_PROTOTYPES = YES;
				CLANG_WARN_SUSPICIOUS_MOVE = YES;
				CLANG_WARN_UNGUARDED_AVAILABILITY = YES_AGGRESSIVE;
				CLANG_WARN_UNREACHABLE_CODE = YES;
				CLANG_WARN__DUPLICATE_METHOD_MATCH = YES;
				COPY_PHASE_STRIP = NO;
				DEBUG_INFORMATION_FORMAT = "dwarf-with-dsym";
				ENABLE_NS_ASSERTIONS = NO;
				ENABLE_STRICT_OBJC_MSGSEND = YES;
				GCC_C_LANGUAGE_STANDARD = gnu11;
				GCC_NO_COMMON_BLOCKS = YES;
				GCC_WARN_64_TO_32_BIT_CONVERSION = YES;
				GCC_WARN_ABOUT_RETURN_TYPE = YES_ERROR;
				GCC_WARN_UNDECLARED_SELECTOR = YES;
				GCC_WARN_UNINITIALIZED_AUTOS = YES_AGGRESSIVE;
				GCC_WARN_UNUSED_FUNCTION = YES;
				GCC_WARN_UNUSED_VARIABLE = YES;
				IPHONEOS_DEPLOYMENT_TARGET = 13.0;
				MTL_ENABLE_DEBUG_INFO = NO;
				MTL_FAST_MATH = YES;
				SDKROOT = iphoneos;
				SWIFT_COMPILATION_MODE = wholemodule;
				SWIFT_OPTIMIZATION_LEVEL = "-O";
				VALIDATE_PRODUCT = YES;
			};
			name = Release;
		};
		DE257320233AD34900B19BE0 /* Debug */ = {
			isa = XCBuildConfiguration;
			buildSettings = {
				ASSETCATALOG_COMPILER_APPICON_NAME = AppIcon;
				CODE_SIGN_STYLE = Automatic;
				DEVELOPMENT_TEAM = HSE59E2Q5U;
				INFOPLIST_FILE = Example/Info.plist;
				LD_RUNPATH_SEARCH_PATHS = (
					"$(inherited)",
					"@executable_path/Frameworks",
				);
				PRODUCT_BUNDLE_IDENTIFIER = com.wickwirew.Example;
				PRODUCT_NAME = "$(TARGET_NAME)";
				SWIFT_VERSION = 5.0;
				TARGETED_DEVICE_FAMILY = 1;
			};
			name = Debug;
		};
		DE257321233AD34900B19BE0 /* Release */ = {
			isa = XCBuildConfiguration;
			buildSettings = {
				ASSETCATALOG_COMPILER_APPICON_NAME = AppIcon;
				CODE_SIGN_STYLE = Automatic;
				DEVELOPMENT_TEAM = HSE59E2Q5U;
				INFOPLIST_FILE = Example/Info.plist;
				LD_RUNPATH_SEARCH_PATHS = (
					"$(inherited)",
					"@executable_path/Frameworks",
				);
				PRODUCT_BUNDLE_IDENTIFIER = com.wickwirew.Example;
				PRODUCT_NAME = "$(TARGET_NAME)";
				SWIFT_VERSION = 5.0;
				TARGETED_DEVICE_FAMILY = 1;
			};
			name = Release;
		};
/* End XCBuildConfiguration section */

/* Begin XCConfigurationList section */
		DE257306233AD34700B19BE0 /* Build configuration list for PBXProject "Example" */ = {
			isa = XCConfigurationList;
			buildConfigurations = (
				DE25731D233AD34900B19BE0 /* Debug */,
				DE25731E233AD34900B19BE0 /* Release */,
			);
			defaultConfigurationIsVisible = 0;
			defaultConfigurationName = Release;
		};
		DE25731F233AD34900B19BE0 /* Build configuration list for PBXNativeTarget "Example" */ = {
			isa = XCConfigurationList;
			buildConfigurations = (
				DE257320233AD34900B19BE0 /* Debug */,
				DE257321233AD34900B19BE0 /* Release */,
			);
			defaultConfigurationIsVisible = 0;
			defaultConfigurationName = Release;
		};
/* End XCConfigurationList section */
	};
	rootObject = DE257303233AD34700B19BE0 /* Project object */;
}
